
Microsoft Visual Studio Solution File, Format Version 12.00
# Visual Studio 15
VisualStudioVersion = 15.0.27617.1
MinimumVisualStudioVersion = 10.0.40219.1
Project("{FAE04EC0-301F-11D3-BF4B-00C04F79EFBC}") = "bilspy.Server", "bilspy\bilspy.Server\bilspy.Server.csproj", "{CCF34911-35BA-4396-AF04-FCE7829C6B3E}"
EndProject
Project("{FAE04EC0-301F-11D3-BF4B-00C04F79EFBC}") = "bilspy.Client", "bilspy\bilspy.Client\bilspy.Client.csproj", "{4A1493AE-81AE-40A1-8A5C-8630E25F803A}"
EndProject
Global
	GlobalSection(SolutionConfigurationPlatforms) = preSolution
		Debug|Any CPU = Debug|Any CPU
		Release|Any CPU = Release|Any CPU
	EndGlobalSection
	GlobalSection(ProjectConfigurationPlatforms) = postSolution
		{CCF34911-35BA-4396-AF04-FCE7829C6B3E}.Debug|Any CPU.ActiveCfg = Debug|Any CPU
		{CCF34911-35BA-4396-AF04-FCE7829C6B3E}.Debug|Any CPU.Build.0 = Debug|Any CPU
		{CCF34911-35BA-4396-AF04-FCE7829C6B3E}.Release|Any CPU.ActiveCfg = Release|Any CPU
		{CCF34911-35BA-4396-AF04-FCE7829C6B3E}.Release|Any CPU.Build.0 = Release|Any CPU
		{4A1493AE-81AE-40A1-8A5C-8630E25F803A}.Debug|Any CPU.ActiveCfg = Debug|Any CPU
		{4A1493AE-81AE-40A1-8A5C-8630E25F803A}.Debug|Any CPU.Build.0 = Debug|Any CPU
		{4A1493AE-81AE-40A1-8A5C-8630E25F803A}.Release|Any CPU.ActiveCfg = Release|Any CPU
		{4A1493AE-81AE-40A1-8A5C-8630E25F803A}.Release|Any CPU.Build.0 = Release|Any CPU
	EndGlobalSection
	GlobalSection(SolutionProperties) = preSolution
		HideSolutionNode = FALSE
	EndGlobalSection
	GlobalSection(ExtensibilityGlobals) = postSolution
		SolutionGuid = {4E7892AF-D16F-4EE0-B613-0BFDC63A21F5}
	EndGlobalSection
EndGlobal
